{
  "originHash" : "da24341b5c681b27159d4597a716c52af47cc2ed598ef1360e1e8b785cb6fca4",
  "pins" : [
    {
      "identity" : "score",
      "kind" : "remoteSourceControl",
      "location" : "https://github.com/suesslt/score.git",
      "state" : {
        "branch" : "main",
        "revision" : "16be716ec3429222d96e6212d383f776822b7cea"
      }
    },
    {
      "identity" : "swissinvoice",
      "kind" : "remoteSourceControl",
      "location" : "https://github.com/suesslt/SwissInvoice.git",
      "state" : {
        "branch" : "main",
        "revision" : "3cfe2176a67b7d4865ad20cc41f94f39480f44b2"
      }
    }
  ],
  "version" : 3
}
